<?xml version="1.0" encoding="utf-8"?>
<Project ToolsVersion="4.0" xmlns="http://schemas.microsoft.com/developer/msbuild/2003">
  <ItemGroup>
    <Filter Include="Исходные файлы">
      <UniqueIdentifier>{4FC737F1-C7A5-4376-A066-2A32D752A2FF}</UniqueIdentifier>
      <Extensions>cpp;c;cc;cxx;def;odl;idl;hpj;bat;asm;asmx</Extensions>
    </Filter>
    <Filter Include="Файлы заголовков">
      <UniqueIdentifier>{93995380-89BD-4b04-88EB-625FBE52EBFB}</UniqueIdentifier>
      <Extensions>h;hh;hpp;hxx;hm;inl;inc;ipp;xsd</Extensions>
    </Filter>
    <Filter Include="Файлы ресурсов">
      <UniqueIdentifier>{67DA6AB6-F800-4c08-8B7A-83BB121AAD01}</UniqueIdentifier>
      <Extensions>rc;ico;cur;bmp;dlg;rc2;rct;bin;rgs;gif;jpg;jpeg;jpe;resx;tiff;tif;png;wav;mfcribbon-ms</Extensions>
    </Filter>
    <Filter Include="Исходные файлы\Menu">
      <UniqueIdentifier>{c7a60abb-f0cf-4486-b414-8dcb86100b06}</UniqueIdentifier>
    </Filter>
    <Filter Include="Файлы заголовков\Menu">
      <UniqueIdentifier>{3479b9cc-7b23-4b2b-a350-0c2efc4db7dc}</UniqueIdentifier>
    </Filter>
    <Filter Include="Файлы заголовков\Accounts">
      <UniqueIdentifier>{97294b44-f6ad-4948-ade7-6f1af8d442da}</UniqueIdentifier>
    </Filter>
    <Filter Include="Исходные файлы\Accounts">
      <UniqueIdentifier>{4a0fc02d-95d2-4f8e-bca6-0d4f37df2fcb}</UniqueIdentifier>
    </Filter>
    <Filter Include="Исходные файлы\Car">
      <UniqueIdentifier>{cc029618-0b7e-4e5a-9b3d-acd3d4a5aef4}</UniqueIdentifier>
    </Filter>
    <Filter Include="Файлы заголовков\Car">
      <UniqueIdentifier>{7c65d9f4-ee9b-4e33-8726-48aa9d2844e2}</UniqueIdentifier>
    </Filter>
  </ItemGroup>
  <ItemGroup>
    <ClCompile Include="AdminMenu.cpp">
      <Filter>Исходные файлы\Menu</Filter>
    </ClCompile>
    <ClCompile Include="ConsoleMenu.cpp">
      <Filter>Исходные файлы\Menu</Filter>
    </ClCompile>
    <ClCompile Include="LoginMenu.cpp">
      <Filter>Исходные файлы\Menu</Filter>
    </ClCompile>
    <ClCompile Include="UserMenu.cpp">
      <Filter>Исходные файлы\Menu</Filter>
    </ClCompile>
    <ClCompile Include="AccountHandler.cpp">
      <Filter>Исходные файлы\Accounts</Filter>
    </ClCompile>
    <ClCompile Include="Functions.cpp">
      <Filter>Исходные файлы</Filter>
    </ClCompile>
    <ClCompile Include="main.cpp">
      <Filter>Исходные файлы</Filter>
    </ClCompile>
    <ClCompile Include="Account.cpp">
      <Filter>Исходные файлы\Accounts</Filter>
    </ClCompile>
    <ClCompile Include="AccountAddMenu.cpp">
      <Filter>Исходные файлы\Menu</Filter>
    </ClCompile>
    <ClCompile Include="AccountEditMenu.cpp">
      <Filter>Исходные файлы\Menu</Filter>
    </ClCompile>
    <ClCompile Include="AccountShowMenu.cpp">
      <Filter>Исходные файлы\Menu</Filter>
    </ClCompile>
    <ClCompile Include="AccountManagementMenu.cpp">
      <Filter>Исходные файлы\Menu</Filter>
    </ClCompile>
    <ClCompile Include="Car.cpp">
      <Filter>Исходные файлы\Car</Filter>
    </ClCompile>
    <ClCompile Include="FiveDoorHatchback.cpp">
      <Filter>Исходные файлы\Car</Filter>
    </ClCompile>
    <ClCompile Include="Sedan.cpp">
      <Filter>Исходные файлы\Car</Filter>
    </ClCompile>
    <ClCompile Include="StationWagon.cpp">
      <Filter>Исходные файлы\Car</Filter>
    </ClCompile>
    <ClCompile Include="ThreeDoorHatchback.cpp">
      <Filter>Исходные файлы\Car</Filter>
    </ClCompile>
    <ClCompile Include="TwoDoorCoupe.cpp">
      <Filter>Исходные файлы\Car</Filter>
    </ClCompile>
    <ClCompile Include="SevenSeatMinivan.cpp">
      <Filter>Исходные файлы\Car</Filter>
    </ClCompile>
    <ClCompile Include="LongWheelbaseSedan.cpp">
      <Filter>Исходные файлы\Car</Filter>
    </ClCompile>
    <ClCompile Include="FourDoorCoupe.cpp">
      <Filter>Исходные файлы\Car</Filter>
    </ClCompile>
    <ClCompile Include="FiveSeatMinivan.cpp">
      <Filter>Исходные файлы\Car</Filter>
    </ClCompile>
    <ClCompile Include="Cabriolet.cpp">
      <Filter>Исходные файлы\Car</Filter>
    </ClCompile>
    <ClCompile Include="Crossover.cpp">
      <Filter>Исходные файлы\Car</Filter>
    </ClCompile>
    <ClCompile Include="CarHandler.cpp">
      <Filter>Исходные файлы\Car</Filter>
    </ClCompile>
    <ClCompile Include="BodyTypeMenu.cpp">
      <Filter>Исходные файлы\Menu</Filter>
    </ClCompile>
    <ClCompile Include="WheelDriveMenu.cpp">
      <Filter>Исходные файлы\Menu</Filter>
    </ClCompile>
    <ClCompile Include="EngineTypeMenu.cpp">
      <Filter>Исходные файлы\Menu</Filter>
    </ClCompile>
    <ClCompile Include="TransmissionTypeMenu.cpp">
      <Filter>Исходные файлы</Filter>
    </ClCompile>
  </ItemGroup>
  <ItemGroup>
    <ClInclude Include="UserMenu.h">
      <Filter>Файлы заголовков\Menu</Filter>
    </ClInclude>
    <ClInclude Include="AdminMenu.h">
      <Filter>Файлы заголовков\Menu</Filter>
    </ClInclude>
    <ClInclude Include="ConsoleMenu.h">
      <Filter>Файлы заголовков\Menu</Filter>
    </ClInclude>
    <ClInclude Include="LoginMenu.h">
      <Filter>Файлы заголовков\Menu</Filter>
    </ClInclude>
    <ClInclude Include="AccountHandler.h">
      <Filter>Файлы заголовков\Accounts</Filter>
    </ClInclude>
    <ClInclude Include="Functions.h">
      <Filter>Файлы заголовков</Filter>
    </ClInclude>
    <ClInclude Include="Includes.h">
      <Filter>Файлы заголовков</Filter>
    </ClInclude>
    <ClInclude Include="ItemSelection.h">
      <Filter>Файлы заголовков</Filter>
    </ClInclude>
    <ClInclude Include="Account.h">
      <Filter>Файлы заголовков\Accounts</Filter>
    </ClInclude>
    <ClInclude Include="AccountAddMenu.h">
      <Filter>Файлы заголовков\Menu</Filter>
    </ClInclude>
    <ClInclude Include="AccountEditMenu.h">
      <Filter>Файлы заголовков\Menu</Filter>
    </ClInclude>
    <ClInclude Include="AccountShowMenu.h">
      <Filter>Файлы заголовков\Menu</Filter>
    </ClInclude>
    <ClInclude Include="AccountManagementMenu.h">
      <Filter>Файлы заголовков\Menu</Filter>
    </ClInclude>
    <ClInclude Include="Car.h">
      <Filter>Файлы заголовков\Car</Filter>
    </ClInclude>
    <ClInclude Include="FiveDoorHatchback.h">
      <Filter>Файлы заголовков\Car</Filter>
    </ClInclude>
    <ClInclude Include="Sedan.h">
      <Filter>Файлы заголовков\Car</Filter>
    </ClInclude>
    <ClInclude Include="StationWagon.h">
      <Filter>Файлы заголовков\Car</Filter>
    </ClInclude>
    <ClInclude Include="ThreeDoorHatchback.h">
      <Filter>Файлы заголовков\Car</Filter>
    </ClInclude>
    <ClInclude Include="TwoDoorCoupe.h">
      <Filter>Файлы заголовков\Car</Filter>
    </ClInclude>
    <ClInclude Include="SevenSeatMinivan.h">
      <Filter>Файлы заголовков\Car</Filter>
    </ClInclude>
    <ClInclude Include="LongWheelbaseSedan.h">
      <Filter>Файлы заголовков\Car</Filter>
    </ClInclude>
    <ClInclude Include="FourDoorCoupe.h">
      <Filter>Файлы заголовков\Car</Filter>
    </ClInclude>
    <ClInclude Include="FiveSeatMinivan.h">
      <Filter>Файлы заголовков\Car</Filter>
    </ClInclude>
    <ClInclude Include="Cabriolet.h">
      <Filter>Файлы заголовков\Car</Filter>
    </ClInclude>
    <ClInclude Include="Crossover.h">
      <Filter>Файлы заголовков\Car</Filter>
    </ClInclude>
    <ClInclude Include="CarHandler.h">
      <Filter>Файлы заголовков\Car</Filter>
    </ClInclude>
    <ClInclude Include="BodyTypeMenu.h">
      <Filter>Файлы заголовков\Menu</Filter>
    </ClInclude>
    <ClInclude Include="WheelDriveMenu.h">
      <Filter>Файлы заголовков\Menu</Filter>
    </ClInclude>
    <ClInclude Include="EngineTypeMenu.h">
      <Filter>Файлы заголовков\Menu</Filter>
    </ClInclude>
    <ClInclude Include="TransmissionTypeMenu.h">
      <Filter>Файлы заголовков</Filter>
    </ClInclude>
  </ItemGroup>
</Project>